// !$*UTF8*$!
{
	archiveVersion = 1;
	classes = {
	};
	objectVersion = 77;
	objects = {

/* Begin PBXContainerItemProxy section */
		38D0D5B32E0D3E600037A813 /* PBXContainerItemProxy */ = {
			isa = PBXContainerItemProxy;
			containerPortal = 38D0D59D2E0D3E5E0037A813 /* Project object */;
			proxyType = 1;
			remoteGlobalIDString = 38D0D5A42E0D3E5E0037A813;
			remoteInfo = MagClassify;
		};
		38D0D5BD2E0D3E600037A813 /* PBXContainerItemProxy */ = {
			isa = PBXContainerItemProxy;
			containerPortal = 38D0D59D2E0D3E5E0037A813 /* Project object */;
			proxyType = 1;
			remoteGlobalIDString = 38D0D5A42E0D3E5E0037A813;
			remoteInfo = MagClassify;
		};
/* End PBXContainerItemProxy section */

/* Begin PBXFileReference section */
		38D0D5A52E0D3E5E0037A813 /* MagClassify.app */ = {isa = PBXFileReference; explicitFileType = wrapper.application; includeInIndex = 0; path = MagClassify.app; sourceTree = BUILT_PRODUCTS_DIR; };
		38D0D5B22E0D3E600037A813 /* MagClassifyTests.xctest */ = {isa = PBXFileReference; explicitFileType = wrapper.cfbundle; includeInIndex = 0; path = MagClassifyTests.xctest; sourceTree = BUILT_PRODUCTS_DIR; };
		38D0D5BC2E0D3E600037A813 /* MagClassifyUITests.xctest */ = {isa = PBXFileReference; explicitFileType = wrapper.cfbundle; includeInIndex = 0; path = MagClassifyUITests.xctest; sourceTree = BUILT_PRODUCTS_DIR; };
/* End PBXFileReference section */

/* Begin PBXFileSystemSynchronizedRootGroup section */
		38D0D5A72E0D3E5E0037A813 /* MagClassify */ = {
			isa = PBXFileSystemSynchronizedRootGroup;
			path = MagClassify;
			sourceTree = "<group>";
		};
		38D0D5B52E0D3E600037A813 /* MagClassifyTests */ = {
			isa = PBXFileSystemSynchronizedRootGroup;
			path = MagClassifyTests;
			sourceTree = "<group>";
		};
		38D0D5BF2E0D3E600037A813 /* MagClassifyUITests */ = {
			isa = PBXFileSystemSynchronizedRootGroup;
			path = MagClassifyUITests;
			sourceTree = "<group>";
		};
/* End PBXFileSystemSynchronizedRootGroup section */

/* Begin PBXFrameworksBuildPhase section */
		38D0D5A22E0D3E5E0037A813 /* Frameworks */ = {
			isa = PBXFrameworksBuildPhase;
			buildActionMask = 2147483647;
			files = (
			);
			runOnlyForDeploymentPostprocessing = 0;
		};
		38D0D5AF2E0D3E600037A813 /* Frameworks */ = {
			isa = PBXFrameworksBuildPhase;
			buildActionMask = 2147483647;
			files = (
			);
			runOnlyForDeploymentPostprocessing = 0;
		};
		38D0D5B92E0D3E600037A813 /* Frameworks */ = {
			isa = PBXFrameworksBuildPhase;
			buildActionMask = 2147483647;
			files = (
			);
			runOnlyForDeploymentPostprocessing = 0;
		};
/* End PBXFrameworksBuildPhase section */

/* Begin PBXGroup section */
		38D0D59C2E0D3E5E0037A813 = {
			isa = PBXGroup;
			children = (
				38D0D5A72E0D3E5E0037A813 /* MagClassify */,
				38D0D5B52E0D3E600037A813 /* MagClassifyTests */,
				38D0D5BF2E0D3E600037A813 /* MagClassifyUITests */,
				38D0D5A62E0D3E5E0037A813 /* Products */,
			);
			sourceTree = "<group>";
		};
		38D0D5A62E0D3E5E0037A813 /* Products */ = {
			isa = PBXGroup;
			children = (
				38D0D5A52E0D3E5E0037A813 /* MagClassify.app */,
				38D0D5B22E0D3E600037A813 /* MagClassifyTests.xctest */,
				38D0D5BC2E0D3E600037A813 /* MagClassifyUITests.xctest */,
			);
			name = Products;
			sourceTree = "<group>";
		};
/* End PBXGroup section */

/* Begin PBXNativeTarget section */
		38D0D5A42E0D3E5E0037A813 /* MagClassify */ = {
			isa = PBXNativeTarget;
			buildConfigurationList = 38D0D5C62E0D3E600037A813 /* Build configuration list for PBXNativeTarget "MagClassify" */;
			buildPhases = (
				38D0D5A12E0D3E5E0037A813 /* Sources */,
				38D0D5A22E0D3E5E0037A813 /* Frameworks */,
				38D0D5A32E0D3E5E0037A813 /* Resources */,
			);
			buildRules = (
			);
			dependencies = (
			);
			fileSystemSynchronizedGroups = (
				38D0D5A72E0D3E5E0037A813 /* MagClassify */,
			);
			name = MagClassify;
			packageProductDependencies = (
			);
			productName = MagClassify;
			productReference = 38D0D5A52E0D3E5E0037A813 /* MagClassify.app */;
			productType = "com.apple.product-type.application";
		};
		38D0D5B12E0D3E600037A813 /* MagClassifyTests */ = {
			isa = PBXNativeTarget;
			buildConfigurationList = 38D0D5C92E0D3E600037A813 /* Build configuration list for PBXNativeTarget "MagClassifyTests" */;
			buildPhases = (
				38D0D5AE2E0D3E600037A813 /* Sources */,
				38D0D5AF2E0D3E600037A813 /* Frameworks */,
				38D0D5B02E0D3E600037A813 /* Resources */,
			);
			buildRules = (
			);
			dependencies = (
				38D0D5B42E0D3E600037A813 /* PBXTargetDependency */,
			);
			fileSystemSynchronizedGroups = (
				38D0D5B52E0D3E600037A813 /* MagClassifyTests */,
			);
			name = MagClassifyTests;
			packageProductDependencies = (
			);
			productName = MagClassifyTests;
			productReference = 38D0D5B22E0D3E600037A813 /* MagClassifyTests.xctest */;
			productType = "com.apple.product-type.bundle.unit-test";
		};
		38D0D5BB2E0D3E600037A813 /* MagClassifyUITests */ = {
			isa = PBXNativeTarget;
			buildConfigurationList = 38D0D5CC2E0D3E600037A813 /* Build configuration list for PBXNativeTarget "MagClassifyUITests" */;
			buildPhases = (
				38D0D5B82E0D3E600037A813 /* Sources */,
				38D0D5B92E0D3E600037A813 /* Frameworks */,
				38D0D5BA2E0D3E600037A813 /* Resources */,
			);
			buildRules = (
			);
			dependencies = (
				38D0D5BE2E0D3E600037A813 /* PBXTargetDependency */,
			);
			fileSystemSynchronizedGroups = (
				38D0D5BF2E0D3E600037A813 /* MagClassifyUITests */,
			);
			name = MagClassifyUITests;
			packageProductDependencies = (
			);
			productName = MagClassifyUITests;
			productReference = 38D0D5BC2E0D3E600037A813 /* MagClassifyUITests.xctest */;
			productType = "com.apple.product-type.bundle.ui-testing";
		};
/* End PBXNativeTarget section */

/* Begin PBXProject section */
		38D0D59D2E0D3E5E0037A813 /* Project object */ = {
			isa = PBXProject;
			attributes = {
				BuildIndependentTargetsInParallel = 1;
				LastSwiftUpdateCheck = 1630;
				LastUpgradeCheck = 1630;
				TargetAttributes = {
					38D0D5A42E0D3E5E0037A813 = {
						CreatedOnToolsVersion = 16.3;
					};
					38D0D5B12E0D3E600037A813 = {
						CreatedOnToolsVersion = 16.3;
						TestTargetID = 38D0D5A42E0D3E5E0037A813;
					};
					38D0D5BB2E0D3E600037A813 = {
						CreatedOnToolsVersion = 16.3;
						TestTargetID = 38D0D5A42E0D3E5E0037A813;
					};
				};
			};
			buildConfigurationList = 38D0D5A02E0D3E5E0037A813 /* Build configuration list for PBXProject "MagClassify" */;
			developmentRegion = en;
			hasScannedForEncodings = 0;
			knownRegions = (
				en,
				Base,
			);
			mainGroup = 38D0D59C2E0D3E5E0037A813;
			minimizedProjectReferenceProxies = 1;
			preferredProjectObjectVersion = 77;
			productRefGroup = 38D0D5A62E0D3E5E0037A813 /* Products */;
			projectDirPath = "";
			projectRoot = "";
			targets = (
				38D0D5A42E0D3E5E0037A813 /* MagClassify */,
				38D0D5B12E0D3E600037A813 /* MagClassifyTests */,
				38D0D5BB2E0D3E600037A813 /* MagClassifyUITests */,
			);
		};
/* End PBXProject section */

/* Begin PBXResourcesBuildPhase section */
		38D0D5A32E0D3E5E0037A813 /* Resources */ = {
			isa = PBXResourcesBuildPhase;
			buildActionMask = 2147483647;
			files = (
			);
			runOnlyForDeploymentPostprocessing = 0;
		};
		38D0D5B02E0D3E600037A813 /* Resources */ = {
			isa = PBXResourcesBuildPhase;
			buildActionMask = 2147483647;
			files = (
			);
			runOnlyForDeploymentPostprocessing = 0;
		};
		38D0D5BA2E0D3E600037A813 /* Resources */ = {
			isa = PBXResourcesBuildPhase;
			buildActionMask = 2147483647;
			files = (
			);
			runOnlyForDeploymentPostprocessing = 0;
		};
/* End PBXResourcesBuildPhase section */

/* Begin PBXSourcesBuildPhase section */
		38D0D5A12E0D3E5E0037A813 /* Sources */ = {
			isa = PBXSourcesBuildPhase;
			buildActionMask = 2147483647;
			files = (
			);
			runOnlyForDeploymentPostprocessing = 0;
		};
		38D0D5AE2E0D3E600037A813 /* Sources */ = {
			isa = PBXSourcesBuildPhase;
			buildActionMask = 2147483647;
			files = (
			);
			runOnlyForDeploymentPostprocessing = 0;
		};
		38D0D5B82E0D3E600037A813 /* Sources */ = {
			isa = PBXSourcesBuildPhase;
			buildActionMask = 2147483647;
			files = (
			);
			runOnlyForDeploymentPostprocessing = 0;
		};
/* End PBXSourcesBuildPhase section */

/* Begin PBXTargetDependency section */
		38D0D5B42E0D3E600037A813 /* PBXTargetDependency */ = {
			isa = PBXTargetDependency;
			target = 38D0D5A42E0D3E5E0037A813 /* MagClassify */;
			targetProxy = 38D0D5B32E0D3E600037A813 /* PBXContainerItemProxy */;
		};
		38D0D5BE2E0D3E600037A813 /* PBXTargetDependency */ = {
			isa = PBXTargetDependency;
			target = 38D0D5A42E0D3E5E0037A813 /* MagClassify */;
			targetProxy = 38D0D5BD2E0D3E600037A813 /* PBXContainerItemProxy */;
		};
/* End PBXTargetDependency section */

/* Begin XCBuildConfiguration section */
		38D0D5C42E0D3E600037A813 /* Debug */ = {
			isa = XCBuildConfiguration;
			buildSettings = {
				ALWAYS_SEARCH_USER_PATHS = NO;
				ASSETCATALOG_COMPILER_GENERATE_SWIFT_ASSET_SYMBOL_EXTENSIONS = YES;
				CLANG_ANALYZER_NONNULL = YES;
				CLANG_ANALYZER_NUMBER_OBJECT_CONVERSION = YES_AGGRESSIVE;
				CLANG_CXX_LANGUAGE_STANDARD = "gnu++20";
				CLANG_ENABLE_MODULES = YES;
				CLANG_ENABLE_OBJC_ARC = YES;
				CLANG_ENABLE_OBJC_WEAK = YES;
				CLANG_WARN_BLOCK_CAPTURE_AUTORELEASING = YES;
				CLANG_WARN_BOOL_CONVERSION = YES;
				CLANG_WARN_COMMA = YES;
				CLANG_WARN_CONSTANT_CONVERSION = YES;
				CLANG_WARN_DEPRECATED_OBJC_IMPLEMENTATIONS = YES;
				CLANG_WARN_DIRECT_OBJC_ISA_USAGE = YES_ERROR;
				CLANG_WARN_DOCUMENTATION_COMMENTS = YES;
				CLANG_WARN_EMPTY_BODY = YES;
				CLANG_WARN_ENUM_CONVERSION = YES;
				CLANG_WARN_INFINITE_RECURSION = YES;
				CLANG_WARN_INT_CONVERSION = YES;
				CLANG_WARN_NON_LITERAL_NULL_CONVERSION = YES;
				CLANG_WARN_OBJC_IMPLICIT_RETAIN_SELF = YES;
				CLANG_WARN_OBJC_LITERAL_CONVERSION = YES;
				CLANG_WARN_OBJC_ROOT_CLASS = YES_ERROR;
				CLANG_WARN_QUOTED_INCLUDE_IN_FRAMEWORK_HEADER = YES;
				CLANG_WARN_RANGE_LOOP_ANALYSIS = YES;
				CLANG_WARN_STRICT_PROTOTYPES = YES;
				CLANG_WARN_SUSPICIOUS_MOVE = YES;
				CLANG_WARN_UNGUARDED_AVAILABILITY = YES_AGGRESSIVE;
				CLANG_WARN_UNREACHABLE_CODE = YES;
				CLANG_WARN__DUPLICATE_METHOD_MATCH = YES;
				COPY_PHASE_STRIP = NO;
				DEBUG_INFORMATION_FORMAT = dwarf;
				DEVELOPMENT_TEAM = D77A3H99CU;
				ENABLE_STRICT_OBJC_MSGSEND = YES;
				ENABLE_TESTABILITY = YES;
				ENABLE_USER_SCRIPT_SANDBOXING = YES;
				GCC_C_LANGUAGE_STANDARD = gnu17;
				GCC_DYNAMIC_NO_PIC = NO;
				GCC_NO_COMMON_BLOCKS = YES;
				GCC_OPTIMIZATION_LEVEL = 0;
				GCC_PREPROCESSOR_DEFINITIONS = (
					"DEBUG=1",
					"$(inherited)",
				);
				GCC_WARN_64_TO_32_BIT_CONVERSION = YES;
				GCC_WARN_ABOUT_RETURN_TYPE = YES_ERROR;
				GCC_WARN_UNDECLARED_SELECTOR = YES;
				GCC_WARN_UNINITIALIZED_AUTOS = YES_AGGRESSIVE;
				GCC_WARN_UNUSED_FUNCTION = YES;
				GCC_WARN_UNUSED_VARIABLE = YES;
				IPHONEOS_DEPLOYMENT_TARGET = 18.4;
				LOCALIZATION_PREFERS_STRING_CATALOGS = YES;
				MTL_ENABLE_DEBUG_INFO = INCLUDE_SOURCE;
				MTL_FAST_MATH = YES;
				ONLY_ACTIVE_ARCH = YES;
				SDKROOT = iphoneos;
				SWIFT_ACTIVE_COMPILATION_CONDITIONS = "DEBUG $(inherited)";
				SWIFT_OPTIMIZATION_LEVEL = "-Onone";
			};
			name = Debug;
		};
		38D0D5C52E0D3E600037A813 /* Release */ = {
			isa = XCBuildConfiguration;
			buildSettings = {
				ALWAYS_SEARCH_USER_PATHS = NO;
				ASSETCATALOG_COMPILER_GENERATE_SWIFT_ASSET_SYMBOL_EXTENSIONS = YES;
				CLANG_ANALYZER_NONNULL = YES;
				CLANG_ANALYZER_NUMBER_OBJECT_CONVERSION = YES_AGGRESSIVE;
				CLANG_CXX_LANGUAGE_STANDARD = "gnu++20";
				CLANG_ENABLE_MODULES = YES;
				CLANG_ENABLE_OBJC_ARC = YES;
				CLANG_ENABLE_OBJC_WEAK = YES;
				CLANG_WARN_BLOCK_CAPTURE_AUTORELEASING = YES;
				CLANG_WARN_BOOL_CONVERSION = YES;
				CLANG_WARN_COMMA = YES;
				CLANG_WARN_CONSTANT_CONVERSION = YES;
				CLANG_WARN_DEPRECATED_OBJC_IMPLEMENTATIONS = YES;
				CLANG_WARN_DIRECT_OBJC_ISA_USAGE = YES_ERROR;
				CLANG_WARN_DOCUMENTATION_COMMENTS = YES;
				CLANG_WARN_EMPTY_BODY = YES;
				CLANG_WARN_ENUM_CONVERSION = YES;
				CLANG_WARN_INFINITE_RECURSION = YES;
				CLANG_WARN_INT_CONVERSION = YES;
				CLANG_WARN_NON_LITERAL_NULL_CONVERSION = YES;
				CLANG_WARN_OBJC_IMPLICIT_RETAIN_SELF = YES;
				CLANG_WARN_OBJC_LITERAL_CONVERSION = YES;
				CLANG_WARN_OBJC_ROOT_CLASS = YES_ERROR;
				CLANG_WARN_QUOTED_INCLUDE_IN_FRAMEWORK_HEADER = YES;
				CLANG_WARN_RANGE_LOOP_ANALYSIS = YES;
				CLANG_WARN_STRICT_PROTOTYPES = YES;
				CLANG_WARN_SUSPICIOUS_MOVE = YES;
				CLANG_WARN_UNGUARDED_AVAILABILITY = YES_AGGRESSIVE;
				CLANG_WARN_UNREACHABLE_CODE = YES;
				CLANG_WARN__DUPLICATE_METHOD_MATCH = YES;
				COPY_PHASE_STRIP = NO;
				DEBUG_INFORMATION_FORMAT = "dwarf-with-dsym";
				DEVELOPMENT_TEAM = D77A3H99CU;
				ENABLE_NS_ASSERTIONS = NO;
				ENABLE_STRICT_OBJC_MSGSEND = YES;
				ENABLE_USER_SCRIPT_SANDBOXING = YES;
				GCC_C_LANGUAGE_STANDARD = gnu17;
				GCC_NO_COMMON_BLOCKS = YES;
				GCC_WARN_64_TO_32_BIT_CONVERSION = YES;
				GCC_WARN_ABOUT_RETURN_TYPE = YES_ERROR;
				GCC_WARN_UNDECLARED_SELECTOR = YES;
				GCC_WARN_UNINITIALIZED_AUTOS = YES_AGGRESSIVE;
				GCC_WARN_UNUSED_FUNCTION = YES;
				GCC_WARN_UNUSED_VARIABLE = YES;
				IPHONEOS_DEPLOYMENT_TARGET = 18.4;
				LOCALIZATION_PREFERS_STRING_CATALOGS = YES;
				MTL_ENABLE_DEBUG_INFO = NO;
				MTL_FAST_MATH = YES;
				SDKROOT = iphoneos;
				SWIFT_COMPILATION_MODE = wholemodule;
				VALIDATE_PRODUCT = YES;
			};
			name = Release;
		};
		38D0D5C72E0D3E600037A813 /* Debug */ = {
			isa = XCBuildConfiguration;
			buildSettings = {
				ASSETCATALOG_COMPILER_APPICON_NAME = AppIcon;
				ASSETCATALOG_COMPILER_GLOBAL_ACCENT_COLOR_NAME = AccentColor;
				CODE_SIGN_STYLE = Automatic;
				CURRENT_PROJECT_VERSION = 1;
				DEVELOPMENT_TEAM = D77A3H99CU;
				ENABLE_PREVIEWS = YES;
				GENERATE_INFOPLIST_FILE = YES;
				INFOPLIST_KEY_UIApplicationSceneManifest_Generation = YES;
				INFOPLIST_KEY_UIApplicationSupportsIndirectInputEvents = YES;
				INFOPLIST_KEY_UILaunchScreen_Generation = YES;
				INFOPLIST_KEY_UISupportedInterfaceOrientations_iPad = "UIInterfaceOrientationPortrait UIInterfaceOrientationPortraitUpsideDown UIInterfaceOrientationLandscapeLeft UIInterfaceOrientationLandscapeRight";
				INFOPLIST_KEY_UISupportedInterfaceOrientations_iPhone = "UIInterfaceOrientationPortrait UIInterfaceOrientationLandscapeLeft UIInterfaceOrientationLandscapeRight";
				LD_RUNPATH_SEARCH_PATHS = (
					"$(inherited)",
					"@executable_path/Frameworks",
				);
				MARKETING_VERSION = 1.0;
				PRODUCT_BUNDLE_IDENTIFIER = com.kazuya.MagClassify;
				PRODUCT_NAME = "$(TARGET_NAME)";
				SWIFT_EMIT_LOC_STRINGS = YES;
				SWIFT_VERSION = 5.0;
				TARGETED_DEVICE_FAMILY = "1,2";
			};
			name = Debug;
		};
		38D0D5C82E0D3E600037A813 /* Release */ = {
			isa = XCBuildConfiguration;
			buildSettings = {
				ASSETCATALOG_COMPILER_APPICON_NAME = AppIcon;
				ASSETCATALOG_COMPILER_GLOBAL_ACCENT_COLOR_NAME = AccentColor;
				CODE_SIGN_STYLE = Automatic;
				CURRENT_PROJECT_VERSION = 1;
				DEVELOPMENT_TEAM = D77A3H99CU;
				ENABLE_PREVIEWS = YES;
				GENERATE_INFOPLIST_FILE = YES;
				INFOPLIST_KEY_UIApplicationSceneManifest_Generation = YES;
				INFOPLIST_KEY_UIApplicationSupportsIndirectInputEvents = YES;
				INFOPLIST_KEY_UILaunchScreen_Generation = YES;
				INFOPLIST_KEY_UISupportedInterfaceOrientations_iPad = "UIInterfaceOrientationPortrait UIInterfaceOrientationPortraitUpsideDown UIInterfaceOrientationLandscapeLeft UIInterfaceOrientationLandscapeRight";
				INFOPLIST_KEY_UISupportedInterfaceOrientations_iPhone = "UIInterfaceOrientationPortrait UIInterfaceOrientationLandscapeLeft UIInterfaceOrientationLandscapeRight";
				LD_RUNPATH_SEARCH_PATHS = (
					"$(inherited)",
					"@executable_path/Frameworks",
				);
				MARKETING_VERSION = 1.0;
				PRODUCT_BUNDLE_IDENTIFIER = com.kazuya.MagClassify;
				PRODUCT_NAME = "$(TARGET_NAME)";
				SWIFT_EMIT_LOC_STRINGS = YES;
				SWIFT_VERSION = 5.0;
				TARGETED_DEVICE_FAMILY = "1,2";
			};
			name = Release;
		};
		38D0D5CA2E0D3E600037A813 /* Debug */ = {
			isa = XCBuildConfiguration;
			buildSettings = {
				BUNDLE_LOADER = "$(TEST_HOST)";
				CODE_SIGN_STYLE = Automatic;
				CURRENT_PROJECT_VERSION = 1;
				DEVELOPMENT_TEAM = D77A3H99CU;
				GENERATE_INFOPLIST_FILE = YES;
				IPHONEOS_DEPLOYMENT_TARGET = 18.4;
				MARKETING_VERSION = 1.0;
				PRODUCT_BUNDLE_IDENTIFIER = com.kazuya.MagClassifyTests;
				PRODUCT_NAME = "$(TARGET_NAME)";
				SWIFT_EMIT_LOC_STRINGS = NO;
				SWIFT_VERSION = 5.0;
				TARGETED_DEVICE_FAMILY = "1,2";
				TEST_HOST = "$(BUILT_PRODUCTS_DIR)/MagClassify.app/$(BUNDLE_EXECUTABLE_FOLDER_PATH)/MagClassify";
			};
			name = Debug;
		};
		38D0D5CB2E0D3E600037A813 /* Release */ = {
			isa = XCBuildConfiguration;
			buildSettings = {
				BUNDLE_LOADER = "$(TEST_HOST)";
				CODE_SIGN_STYLE = Automatic;
				CURRENT_PROJECT_VERSION = 1;
				DEVELOPMENT_TEAM = D77A3H99CU;
				GENERATE_INFOPLIST_FILE = YES;
				IPHONEOS_DEPLOYMENT_TARGET = 18.4;
				MARKETING_VERSION = 1.0;
				PRODUCT_BUNDLE_IDENTIFIER = com.kazuya.MagClassifyTests;
				PRODUCT_NAME = "$(TARGET_NAME)";
				SWIFT_EMIT_LOC_STRINGS = NO;
				SWIFT_VERSION = 5.0;
				TARGETED_DEVICE_FAMILY = "1,2";
				TEST_HOST = "$(BUILT_PRODUCTS_DIR)/MagClassify.app/$(BUNDLE_EXECUTABLE_FOLDER_PATH)/MagClassify";
			};
			name = Release;
		};
		38D0D5CD2E0D3E600037A813 /* Debug */ = {
			isa = XCBuildConfiguration;
			buildSettings = {
				CODE_SIGN_STYLE = Automatic;
				CURRENT_PROJECT_VERSION = 1;
				DEVELOPMENT_TEAM = D77A3H99CU;
				GENERATE_INFOPLIST_FILE = YES;
				MARKETING_VERSION = 1.0;
				PRODUCT_BUNDLE_IDENTIFIER = com.kazuya.MagClassifyUITests;
				PRODUCT_NAME = "$(TARGET_NAME)";
				SWIFT_EMIT_LOC_STRINGS = NO;
				SWIFT_VERSION = 5.0;
				TARGETED_DEVICE_FAMILY = "1,2";
				TEST_TARGET_NAME = MagClassify;
			};
			name = Debug;
		};
		38D0D5CE2E0D3E600037A813 /* Release */ = {
			isa = XCBuildConfiguration;
			buildSettings = {
				CODE_SIGN_STYLE = Automatic;
				CURRENT_PROJECT_VERSION = 1;
				DEVELOPMENT_TEAM = D77A3H99CU;
				GENERATE_INFOPLIST_FILE = YES;
				MARKETING_VERSION = 1.0;
				PRODUCT_BUNDLE_IDENTIFIER = com.kazuya.MagClassifyUITests;
				PRODUCT_NAME = "$(TARGET_NAME)";
				SWIFT_EMIT_LOC_STRINGS = NO;
				SWIFT_VERSION = 5.0;
				TARGETED_DEVICE_FAMILY = "1,2";
				TEST_TARGET_NAME = MagClassify;
			};
			name = Release;
		};
/* End XCBuildConfiguration section */

/* Begin XCConfigurationList section */
		38D0D5A02E0D3E5E0037A813 /* Build configuration list for PBXProject "MagClassify" */ = {
			isa = XCConfigurationList;
			buildConfigurations = (
				38D0D5C42E0D3E600037A813 /* Debug */,
				38D0D5C52E0D3E600037A813 /* Release */,
			);
			defaultConfigurationIsVisible = 0;
			defaultConfigurationName = Release;
		};
		38D0D5C62E0D3E600037A813 /* Build configuration list for PBXNativeTarget "MagClassify" */ = {
			isa = XCConfigurationList;
			buildConfigurations = (
				38D0D5C72E0D3E600037A813 /* Debug */,
				38D0D5C82E0D3E600037A813 /* Release */,
			);
			defaultConfigurationIsVisible = 0;
			defaultConfigurationName = Release;
		};
		38D0D5C92E0D3E600037A813 /* Build configuration list for PBXNativeTarget "MagClassifyTests" */ = {
			isa = XCConfigurationList;
			buildConfigurations = (
				38D0D5CA2E0D3E600037A813 /* Debug */,
				38D0D5CB2E0D3E600037A813 /* Release */,
			);
			defaultConfigurationIsVisible = 0;
			defaultConfigurationName = Release;
		};
		38D0D5CC2E0D3E600037A813 /* Build configuration list for PBXNativeTarget "MagClassifyUITests" */ = {
			isa = XCConfigurationList;
			buildConfigurations = (
				38D0D5CD2E0D3E600037A813 /* Debug */,
				38D0D5CE2E0D3E600037A813 /* Release */,
			);
			defaultConfigurationIsVisible = 0;
			defaultConfigurationName = Release;
		};
/* End XCConfigurationList section */
	};
	rootObject = 38D0D59D2E0D3E5E0037A813 /* Project object */;
}
